{
  "version": 4,
  "terraform_version": "1.13.4",
  "serial": 18,
  "lineage": "b183f874-e5e0-b94d-91e6-dd5d2344058f",
  "outputs": {
    "data_volume_id": {
      "value": "vol-015052deb2ccf5a5d",
      "type": "string"
    },
    "security_group_id": {
      "value": "sg-05c9510db6e24fa2d",
      "type": "string"
    }
  },
  "resources": [
    {
      "mode": "data",
      "type": "aws_subnet",
      "name": "selected",
      "provider": "provider[\"registry.terraform.io/hashicorp/aws\"]",
      "instances": [
        {
          "schema_version": 0,
          "attributes": {
            "arn": "arn:aws:ec2:us-east-1:268200823148:subnet/subnet-0934443170b329e8e",
            "assign_ipv6_address_on_creation": false,
            "availability_zone": "us-east-1a",
            "availability_zone_id": "use1-az2",
            "available_ip_address_count": 4091,
            "cidr_block": "172.31.80.0/20",
            "customer_owned_ipv4_pool": "",
            "default_for_az": true,
            "enable_dns64": false,
            "enable_lni_at_device_index": 0,
            "enable_resource_name_dns_a_record_on_launch": false,
            "enable_resource_name_dns_aaaa_record_on_launch": false,
            "filter": null,
            "id": "subnet-0934443170b329e8e",
            "ipv6_cidr_block": "",
            "ipv6_cidr_block_association_id": "",
            "ipv6_native": false,
            "map_customer_owned_ip_on_launch": false,
            "map_public_ip_on_launch": true,
            "outpost_arn": "",
            "owner_id": "268200823148",
            "private_dns_hostname_type_on_launch": "ip-name",
            "state": "available",
            "tags": {},
            "timeouts": null,
            "vpc_id": "vpc-0c0a172abb07f5b16"
          },
          "sensitive_attributes": [],
          "identity_schema_version": 0
        }
      ]
    },
    {
      "mode": "managed",
      "type": "aws_ebs_volume",
      "name": "es_data",
      "provider": "provider[\"registry.terraform.io/hashicorp/aws\"]",
      "instances": [
        {
          "schema_version": 0,
          "attributes": {
            "arn": "arn:aws:ec2:us-east-1:268200823148:volume/vol-015052deb2ccf5a5d",
            "availability_zone": "us-east-1a",
            "create_time": "2026-01-14T15:44:03Z",
            "encrypted": false,
            "final_snapshot": false,
            "id": "vol-015052deb2ccf5a5d",
            "iops": 3000,
            "kms_key_id": "",
            "multi_attach_enabled": false,
            "outpost_arn": "",
            "size": 100,
            "snapshot_id": "",
            "tags": {
              "Environment": "hml",
              "Name": "asapflow-data"
            },
            "tags_all": {
              "Environment": "hml",
              "Name": "asapflow-data"
            },
            "throughput": 125,
            "timeouts": null,
            "type": "gp3"
          },
          "sensitive_attributes": [],
          "identity_schema_version": 0,
          "private": "eyJlMmJmYjczMC1lY2FhLTExZTYtOGY4OC0zNDM2M2JjN2M0YzAiOnsiY3JlYXRlIjozMDAwMDAwMDAwMDAsImRlbGV0ZSI6NjAwMDAwMDAwMDAwLCJ1cGRhdGUiOjMwMDAwMDAwMDAwMH19",
          "dependencies": [
            "data.aws_subnet.selected"
          ]
        }
      ]
    },
    {
      "mode": "managed",
      "type": "aws_iam_instance_profile",
      "name": "es",
      "provider": "provider[\"registry.terraform.io/hashicorp/aws\"]",
      "instances": [
        {
          "schema_version": 0,
          "attributes": {
            "arn": "arn:aws:iam::268200823148:instance-profile/asapflow-profile-20260114154403357500000005",
            "create_date": "2026-01-14T15:44:04Z",
            "id": "asapflow-profile-20260114154403357500000005",
            "name": "asapflow-profile-20260114154403357500000005",
            "name_prefix": "asapflow-profile-",
            "path": "/",
            "role": "asapflow-role-20260114154402201300000003",
            "tags": {},
            "tags_all": {},
            "unique_id": "AIPAT44QDZFWJMZX6CSPQ"
          },
          "sensitive_attributes": [],
          "identity_schema_version": 0,
          "private": "bnVsbA==",
          "dependencies": [
            "aws_iam_role.es"
          ]
        }
      ]
    },
    {
      "mode": "managed",
      "type": "aws_iam_policy",
      "name": "es_volume",
      "provider": "provider[\"registry.terraform.io/hashicorp/aws\"]",
      "instances": [
        {
          "schema_version": 0,
          "attributes": {
            "arn": "arn:aws:iam::268200823148:policy/asapflow-volume-20260114154402200100000001",
            "attachment_count": 1,
            "description": "",
            "id": "arn:aws:iam::268200823148:policy/asapflow-volume-20260114154402200100000001",
            "name": "asapflow-volume-20260114154402200100000001",
            "name_prefix": "asapflow-volume-",
            "path": "/",
            "policy": "{\"Statement\":[{\"Action\":[\"ec2:AttachVolume\",\"ec2:DescribeVolumes\",\"ec2:DescribeInstances\"],\"Effect\":\"Allow\",\"Resource\":\"*\"}],\"Version\":\"2012-10-17\"}",
            "policy_id": "ANPAT44QDZFWFEV4ZCF5U",
            "tags": {},
            "tags_all": {}
          },
          "sensitive_attributes": [],
          "identity_schema_version": 0,
          "private": "bnVsbA=="
        }
      ]
    },
    {
      "mode": "managed",
      "type": "aws_iam_role",
      "name": "es",
      "provider": "provider[\"registry.terraform.io/hashicorp/aws\"]",
      "instances": [
        {
          "schema_version": 0,
          "attributes": {
            "arn": "arn:aws:iam::268200823148:role/asapflow-role-20260114154402201300000003",
            "assume_role_policy": "{\"Statement\":[{\"Action\":\"sts:AssumeRole\",\"Effect\":\"Allow\",\"Principal\":{\"Service\":\"ec2.amazonaws.com\"}}],\"Version\":\"2012-10-17\"}",
            "create_date": "2026-01-14T15:44:03Z",
            "description": "",
            "force_detach_policies": false,
            "id": "asapflow-role-20260114154402201300000003",
            "inline_policy": [],
            "managed_policy_arns": [
              "arn:aws:iam::268200823148:policy/asapflow-volume-20260114154402200100000001",
              "arn:aws:iam::aws:policy/AmazonSSMManagedInstanceCore"
            ],
            "max_session_duration": 3600,
            "name": "asapflow-role-20260114154402201300000003",
            "name_prefix": "asapflow-role-",
            "path": "/",
            "permissions_boundary": "",
            "tags": {
              "Environment": "hml"
            },
            "tags_all": {
              "Environment": "hml"
            },
            "unique_id": "AROAT44QDZFWEDAKPMEB3"
          },
          "sensitive_attributes": [],
          "identity_schema_version": 0,
          "private": "bnVsbA=="
        }
      ]
    },
    {
      "mode": "managed",
      "type": "aws_iam_role_policy_attachment",
      "name": "es_volume",
      "provider": "provider[\"registry.terraform.io/hashicorp/aws\"]",
      "instances": [
        {
          "schema_version": 0,
          "attributes": {
            "id": "asapflow-role-20260114154402201300000003-20260114154403556200000006",
            "policy_arn": "arn:aws:iam::268200823148:policy/asapflow-volume-20260114154402200100000001",
            "role": "asapflow-role-20260114154402201300000003"
          },
          "sensitive_attributes": [],
          "identity_schema_version": 0,
          "private": "bnVsbA==",
          "dependencies": [
            "aws_iam_policy.es_volume",
            "aws_iam_role.es"
          ]
        }
      ]
    },
    {
      "mode": "managed",
      "type": "aws_iam_role_policy_attachment",
      "name": "ssm",
      "provider": "provider[\"registry.terraform.io/hashicorp/aws\"]",
      "instances": [
        {
          "schema_version": 0,
          "attributes": {
            "id": "asapflow-role-20260114154402201300000003-20260114154403584200000007",
            "policy_arn": "arn:aws:iam::aws:policy/AmazonSSMManagedInstanceCore",
            "role": "asapflow-role-20260114154402201300000003"
          },
          "sensitive_attributes": [],
          "identity_schema_version": 0,
          "private": "bnVsbA==",
          "dependencies": [
            "aws_iam_role.es"
          ]
        }
      ]
    },
    {
      "mode": "managed",
      "type": "aws_launch_template",
      "name": "es",
      "provider": "provider[\"registry.terraform.io/hashicorp/aws\"]",
      "instances": [
        {
          "schema_version": 0,
          "attributes": {
            "arn": "arn:aws:ec2:us-east-1:268200823148:launch-template/lt-0019305ec11f993af",
            "block_device_mappings": [],
            "capacity_reservation_specification": [],
            "cpu_options": [],
            "credit_specification": [],
            "default_version": 1,
            "description": "",
            "disable_api_stop": false,
            "disable_api_termination": false,
            "ebs_optimized": "",
            "elastic_gpu_specifications": [],
            "elastic_inference_accelerator": [],
            "enclave_options": [],
            "hibernation_options": [],
            "iam_instance_profile": [
              {
                "arn": "",
                "name": "asapflow-profile-20260114154403357500000005"
              }
            ],
            "id": "lt-0019305ec11f993af",
            "image_id": "ami-07ff62358b87c7116",
            "instance_initiated_shutdown_behavior": "",
            "instance_market_options": [],
            "instance_requirements": [],
            "instance_type": "t3.large",
            "kernel_id": "",
            "key_name": "",
            "latest_version": 1,
            "license_specification": [],
            "maintenance_options": [],
            "metadata_options": [
              {
                "http_endpoint": "enabled",
                "http_protocol_ipv6": "",
                "http_put_response_hop_limit": 2,
                "http_tokens": "required",
                "instance_metadata_tags": ""
              }
            ],
            "monitoring": [],
            "name": "asapflow-lt-20260114154639413300000001",
            "name_prefix": "asapflow-lt-",
            "network_interfaces": [
              {
                "associate_carrier_ip_address": "",
                "associate_public_ip_address": "false",
                "connection_tracking_specification": [],
                "delete_on_termination": "",
                "description": "",
                "device_index": 0,
                "ena_srd_specification": [],
                "interface_type": "",
                "ipv4_address_count": 0,
                "ipv4_addresses": [],
                "ipv4_prefix_count": 0,
                "ipv4_prefixes": [],
                "ipv6_address_count": 0,
                "ipv6_addresses": [],
                "ipv6_prefix_count": 0,
                "ipv6_prefixes": [],
                "network_card_index": 0,
                "network_interface_id": "",
                "primary_ipv6": "",
                "private_ip_address": "",
                "security_groups": [
                  "sg-05c9510db6e24fa2d"
                ],
                "subnet_id": "subnet-0934443170b329e8e"
              }
            ],
            "placement": [],
            "private_dns_name_options": [],
            "ram_disk_id": "",
            "security_group_names": [],
            "tag_specifications": [
              {
                "resource_type": "instance",
                "tags": {
                  "Environment": "hml",
                  "Name": "asapflow-instance"
                }
              },
              {
                "resource_type": "volume",
                "tags": {
                  "Environment": "hml"
                }
              }
            ],
            "tags": {
              "Environment": "hml"
            },
            "tags_all": {
              "Environment": "hml"
            },
            "update_default_version": null,
            "user_data": "IyEvYmluL2Jhc2gKc2V0IC1ldW8gcGlwZWZhaWwKCiMgVGVycmFmb3JtLXByb3ZpZGVkIHZhbHVlcy4KVk9MVU1FX0lEPSJ2b2wtMDE1MDUyZGViMmNjZjVhNWQiCkRFVklDRV9OQU1FPSIvZGV2L3NkZiIKCiMgRmV0Y2ggbWV0YWRhdGEgdXNpbmcgSU1EU3YyLgpUT0tFTj0kKGN1cmwgLVggUFVUICJodHRwOi8vMTY5LjI1NC4xNjkuMjU0L2xhdGVzdC9hcGkvdG9rZW4iIFwKICAtSCAiWC1hd3MtZWMyLW1ldGFkYXRhLXRva2VuLXR0bC1zZWNvbmRzOiAyMTYwMCIpCklOU1RBTkNFX0lEPSQoY3VybCAtSCAiWC1hd3MtZWMyLW1ldGFkYXRhLXRva2VuOiAkVE9LRU4iIC1zIFwKICBodHRwOi8vMTY5LjI1NC4xNjkuMjU0L2xhdGVzdC9tZXRhLWRhdGEvaW5zdGFuY2UtaWQpClJFR0lPTj0kKGN1cmwgLUggIlgtYXdzLWVjMi1tZXRhZGF0YS10b2tlbjogJFRPS0VOIiAtcyBcCiAgaHR0cDovLzE2OS4yNTQuMTY5LjI1NC9sYXRlc3QvZHluYW1pYy9pbnN0YW5jZS1pZGVudGl0eS9kb2N1bWVudCB8IFwKICBhd2sgLUYiXCIiICcvcmVnaW9uLyB7cHJpbnQgJDR9JykKCiMgRW5zdXJlIHdlIGNhbiBhdHRhY2ggdGhlIGRhdGEgdm9sdW1lIGV2ZW4gb24gaW5zdGFuY2UgcmVwbGFjZW1lbnQuCkFUVEFDSF9TVEFURT0kKGF3cyBlYzIgZGVzY3JpYmUtdm9sdW1lcyAtLXJlZ2lvbiAiJFJFR0lPTiIgLS12b2x1bWUtaWRzICIkVk9MVU1FX0lEIiBcCiAgLS1xdWVyeSAiVm9sdW1lc1swXS5BdHRhY2htZW50c1swXS5TdGF0ZSIgLS1vdXRwdXQgdGV4dCAyPi9kZXYvbnVsbCB8fCB0cnVlKQppZiBbICIkQVRUQUNIX1NUQVRFIiAhPSAiYXR0YWNoZWQiIF07IHRoZW4KICBmb3IgXyBpbiAkKHNlcSAxIDEwKTsgZG8KICAgIGlmIGF3cyBlYzIgYXR0YWNoLXZvbHVtZSAtLXJlZ2lvbiAiJFJFR0lPTiIgLS12b2x1bWUtaWQgIiRWT0xVTUVfSUQiIFwKICAgICAgLS1pbnN0YW5jZS1pZCAiJElOU1RBTkNFX0lEIiAtLWRldmljZSAiJERFVklDRV9OQU1FIjsgdGhlbgogICAgICBicmVhawogICAgZmkKICAgIHNsZWVwIDYKICBkb25lCmZpCgojIFdhaXQgZm9yIHRoZSBkZXZpY2UgcGF0aCB0byBhcHBlYXIgKE5WTWUgb24gTml0cm8sIC9kZXYveHZkWCBvdGhlcndpc2UpLgpERVZJQ0VfUEFUSD0iIgpmb3IgXyBpbiAkKHNlcSAxIDYwKTsgZG8KICBpZiBbIC1lICIvZGV2L2Rpc2svYnktaWQvbnZtZS1BbWF6b25fRWxhc3RpY19CbG9ja19TdG9yZV8kVk9MVU1FX0lEIiBdOyB0aGVuCiAgICBERVZJQ0VfUEFUSD0kKHJlYWRsaW5rIC1mICIvZGV2L2Rpc2svYnktaWQvbnZtZS1BbWF6b25fRWxhc3RpY19CbG9ja19TdG9yZV8kVk9MVU1FX0lEIikKICAgIGJyZWFrCiAgZmkKICBpZiBbIC1lICIkREVWSUNFX05BTUUiIF07IHRoZW4KICAgIERFVklDRV9QQVRIPSIkREVWSUNFX05BTUUiCiAgICBicmVhawogIGZpCiAgc2xlZXAgMgpkb25lCgppZiBbIC16ICIkREVWSUNFX1BBVEgiIF07IHRoZW4KICBlY2hvICJFQlMgZGV2aWNlIG5vdCBmb3VuZCBmb3Igdm9sdW1lICRWT0xVTUVfSUQiID4mMgogIGV4aXQgMQpmaQoKbWtkaXIgLXAgL3Zhci9saWIvZWxhc3RpY3NlYXJjaAoKIyBGb3JtYXQgb25seSBpZiB0aGUgdm9sdW1lIGlzIGVtcHR5IChubyBmaWxlc3lzdGVtIHlldCkuCmlmICEgYmxraWQgLW8gdmFsdWUgLXMgVFlQRSAiJERFVklDRV9QQVRIIiA+L2Rldi9udWxsIDI+JjE7IHRoZW4KICBta2ZzIC10IHhmcyAiJERFVklDRV9QQVRIIgpmaQoKVVVJRD0kKGJsa2lkIC1vIHZhbHVlIC1zIFVVSUQgIiRERVZJQ0VfUEFUSCIpCmlmICEgZ3JlcCAtcSAiJFVVSUQiIC9ldGMvZnN0YWI7IHRoZW4KICBlY2hvICJVVUlEPSRVVUlEIC92YXIvbGliL2VsYXN0aWNzZWFyY2ggeGZzIGRlZmF1bHRzLG5vZmFpbCAwIDIiID4+IC9ldGMvZnN0YWIKZmkKCm1vdW50IC1hCgojIEVsYXN0aWNzZWFyY2ggcHJlcmVxdWlzaXRlcy4KY2F0ID4vZXRjL3N5c2N0bC5kLzk5LWVsYXN0aWNzZWFyY2guY29uZiA8PCdTWVNDVEwnCnZtLm1heF9tYXBfY291bnQ9MjYyMTQ0ClNZU0NUTApzeXNjdGwgLXAgL2V0Yy9zeXNjdGwuZC85OS1lbGFzdGljc2VhcmNoLmNvbmYKCiMgSW5zdGFsbCBFbGFzdGljc2VhcmNoIDgueC4KY2F0ID4vZXRjL3l1bS5yZXBvcy5kL2VsYXN0aWNzZWFyY2gucmVwbyA8PCdSRVBPJwpbZWxhc3RpY3NlYXJjaC04LnhdCm5hbWU9RWxhc3RpY3NlYXJjaCByZXBvc2l0b3J5IGZvciA4LnggcGFja2FnZXMKYmFzZXVybD1odHRwczovL2FydGlmYWN0cy5lbGFzdGljLmNvL3BhY2thZ2VzLzgueC95dW0KZ3BnY2hlY2s9MQpncGdrZXk9aHR0cHM6Ly9hcnRpZmFjdHMuZWxhc3RpYy5jby9HUEctS0VZLWVsYXN0aWNzZWFyY2gKZW5hYmxlZD0xCmF1dG9yZWZyZXNoPTEKdHlwZT1ycG0tbWQKUkVQTwoKeXVtIGluc3RhbGwgLXkgZWxhc3RpY3NlYXJjaAoKIyBDb25maWd1cmUgc2luZ2xlLW5vZGUgb3BlcmF0aW9uIHdpdGggcGVyc2lzdGVudCBkYXRhIHBhdGguCmNhdCA+L2V0Yy9lbGFzdGljc2VhcmNoL2VsYXN0aWNzZWFyY2gueW1sIDw8J0NPTkZJRycKY2x1c3Rlci5uYW1lOiBlcy1sb2dzCm5vZGUubmFtZTogZXMtc2luZ2xldG9uCmRpc2NvdmVyeS50eXBlOiBzaW5nbGUtbm9kZQpwYXRoLmRhdGE6IC92YXIvbGliL2VsYXN0aWNzZWFyY2gKbmV0d29yay5ob3N0OiAwLjAuMC4wCmh0dHAucG9ydDogOTIwMAp4cGFjay5zZWN1cml0eS5lbmFibGVkOiBmYWxzZQpDT05GSUcKCmNob3duIC1SIGVsYXN0aWNzZWFyY2g6ZWxhc3RpY3NlYXJjaCAvdmFyL2xpYi9lbGFzdGljc2VhcmNoCgojIEVuc3VyZSBjbGVhbiBzaHV0ZG93biB0byByZWR1Y2UgcmlzayBvZiBkYXRhIGNvcnJ1cHRpb24uCm1rZGlyIC1wIC9ldGMvc3lzdGVtZC9zeXN0ZW0vZWxhc3RpY3NlYXJjaC5zZXJ2aWNlLmQKY2F0ID4vZXRjL3N5c3RlbWQvc3lzdGVtL2VsYXN0aWNzZWFyY2guc2VydmljZS5kL292ZXJyaWRlLmNvbmYgPDwnT1ZFUlJJREUnCltTZXJ2aWNlXQpFeGVjU3RvcD0KRXhlY1N0b3A9L3Vzci9zaGFyZS9lbGFzdGljc2VhcmNoL2Jpbi9lbGFzdGljc2VhcmNoLXNodXRkb3duClRpbWVvdXRTdG9wU2VjPTE4MApFeGVjU3RvcFBvc3Q9L2Jpbi9zbGVlcCAxMApPVkVSUklERQoKc3lzdGVtY3RsIGRhZW1vbi1yZWxvYWQKc3lzdGVtY3RsIGVuYWJsZSAtLW5vdyBlbGFzdGljc2VhcmNoCg==",
            "vpc_security_group_ids": []
          },
          "sensitive_attributes": [],
          "identity_schema_version": 0,
          "private": "bnVsbA==",
          "dependencies": [
            "aws_ebs_volume.es_data",
            "aws_iam_instance_profile.es",
            "aws_iam_role.es",
            "aws_security_group.es",
            "data.aws_subnet.selected"
          ]
        }
      ]
    },
    {
      "mode": "managed",
      "type": "aws_security_group",
      "name": "es",
      "provider": "provider[\"registry.terraform.io/hashicorp/aws\"]",
      "instances": [
        {
          "schema_version": 1,
          "attributes": {
            "arn": "arn:aws:ec2:us-east-1:268200823148:security-group/sg-05c9510db6e24fa2d",
            "description": "Elasticsearch 8 single-node access",
            "egress": [
              {
                "cidr_blocks": [
                  "0.0.0.0/0"
                ],
                "description": "",
                "from_port": 0,
                "ipv6_cidr_blocks": [],
                "prefix_list_ids": [],
                "protocol": "-1",
                "security_groups": [],
                "self": false,
                "to_port": 0
              }
            ],
            "id": "sg-05c9510db6e24fa2d",
            "ingress": [
              {
                "cidr_blocks": [
                  "0.0.0.0/0"
                ],
                "description": "Elasticsearch HTTP",
                "from_port": 9200,
                "ipv6_cidr_blocks": [],
                "prefix_list_ids": [],
                "protocol": "tcp",
                "security_groups": [],
                "self": false,
                "to_port": 9200
              }
            ],
            "name": "asapflow-sg-20260114154402201900000004",
            "name_prefix": "asapflow-sg-",
            "owner_id": "268200823148",
            "revoke_rules_on_delete": false,
            "tags": {
              "Environment": "hml",
              "Name": "asapflow-sg"
            },
            "tags_all": {
              "Environment": "hml",
              "Name": "asapflow-sg"
            },
            "timeouts": null,
            "vpc_id": "vpc-0c0a172abb07f5b16"
          },
          "sensitive_attributes": [],
          "identity_schema_version": 0,
          "private": "eyJlMmJmYjczMC1lY2FhLTExZTYtOGY4OC0zNDM2M2JjN2M0YzAiOnsiY3JlYXRlIjo2MDAwMDAwMDAwMDAsImRlbGV0ZSI6OTAwMDAwMDAwMDAwfSwic2NoZW1hX3ZlcnNpb24iOiIxIn0="
        }
      ]
    },
    {
      "mode": "managed",
      "type": "aws_security_group_rule",
      "name": "es_9200_cidr",
      "provider": "provider[\"registry.terraform.io/hashicorp/aws\"]",
      "instances": [
        {
          "index_key": 0,
          "schema_version": 2,
          "attributes": {
            "cidr_blocks": [
              "0.0.0.0/0"
            ],
            "description": "Elasticsearch HTTP",
            "from_port": 9200,
            "id": "sgrule-2497847191",
            "ipv6_cidr_blocks": null,
            "prefix_list_ids": null,
            "protocol": "tcp",
            "security_group_id": "sg-05c9510db6e24fa2d",
            "security_group_rule_id": "sgr-0eb19b87e71f0d44e",
            "self": false,
            "source_security_group_id": null,
            "timeouts": null,
            "to_port": 9200,
            "type": "ingress"
          },
          "sensitive_attributes": [],
          "identity_schema_version": 0,
          "private": "eyJlMmJmYjczMC1lY2FhLTExZTYtOGY4OC0zNDM2M2JjN2M0YzAiOnsiY3JlYXRlIjozMDAwMDAwMDAwMDB9LCJzY2hlbWFfdmVyc2lvbiI6IjIifQ==",
          "dependencies": [
            "aws_security_group.es"
          ]
        }
      ]
    },
    {
      "mode": "managed",
      "type": "aws_security_group_rule",
      "name": "es_9200_sg",
      "provider": "provider[\"registry.terraform.io/hashicorp/aws\"]",
      "instances": []
    },
    {
      "mode": "managed",
      "type": "aws_security_group_rule",
      "name": "ssh",
      "provider": "provider[\"registry.terraform.io/hashicorp/aws\"]",
      "instances": []
    }
  ],
  "check_results": null
}
