{
  "version": 4,
  "terraform_version": "1.14.3",
  "serial": 409,
  "lineage": "5e90b624-a8ce-3e7a-242b-cb1ccc6e7eac",
  "outputs": {
    "asg_name": {
      "value": "asapflow-asg-2026012620191252980000000a",
      "type": "string"
    },
    "data_volume_id": {
      "value": "vol-0078c87bc086a4083",
      "type": "string"
    },
    "security_group_id": {
      "value": "sg-09861532822625f82",
      "type": "string"
    }
  },
  "resources": [
    {
      "mode": "managed",
      "type": "aws_autoscaling_group",
      "name": "es",
      "provider": "provider[\"registry.terraform.io/hashicorp/aws\"]",
      "instances": [
        {
          "schema_version": 1,
          "attributes": {
            "arn": "arn:aws:autoscaling:us-east-1:652613197255:autoScalingGroup:6e288001-b597-4f4a-a1ef-588d7b95c721:autoScalingGroupName/asapflow-asg-2026012620191252980000000a",
            "availability_zone_distribution": [
              {
                "capacity_distribution_strategy": "balanced-best-effort"
              }
            ],
            "availability_zones": [
              "us-east-1a"
            ],
            "capacity_rebalance": false,
            "capacity_reservation_specification": [
              {
                "capacity_reservation_preference": "default",
                "capacity_reservation_target": []
              }
            ],
            "context": "",
            "default_cooldown": 300,
            "default_instance_warmup": 0,
            "desired_capacity": 1,
            "desired_capacity_type": "",
            "enabled_metrics": [],
            "force_delete": false,
            "force_delete_warm_pool": false,
            "health_check_grace_period": 500,
            "health_check_type": "EC2",
            "id": "asapflow-asg-2026012620191252980000000a",
            "ignore_failed_scaling_activities": false,
            "initial_lifecycle_hook": [],
            "instance_maintenance_policy": [],
            "instance_refresh": [],
            "launch_configuration": "",
            "launch_template": [
              {
                "id": "lt-06ff924469b03d3a1",
                "name": "asapflow-lt-20260126201905737500000008",
                "version": "$Latest"
              }
            ],
            "load_balancers": [],
            "max_instance_lifetime": 0,
            "max_size": 1,
            "metrics_granularity": "1Minute",
            "min_elb_capacity": null,
            "min_size": 1,
            "mixed_instances_policy": [],
            "name": "asapflow-asg-2026012620191252980000000a",
            "name_prefix": "asapflow-asg-",
            "placement_group": "",
            "predicted_capacity": 0,
            "protect_from_scale_in": false,
            "service_linked_role_arn": "arn:aws:iam::652613197255:role/aws-service-role/autoscaling.amazonaws.com/AWSServiceRoleForAutoScaling",
            "suspended_processes": [],
            "tag": [
              {
                "key": "Environment",
                "propagate_at_launch": true,
                "value": "hml"
              },
              {
                "key": "Name",
                "propagate_at_launch": true,
                "value": "asapflow-elastic-instance"
              }
            ],
            "target_group_arns": [
              "arn:aws:elasticloadbalancing:us-east-1:652613197255:targetgroup/asapflow-tg/1475042372e613a5"
            ],
            "termination_policies": [],
            "timeouts": null,
            "traffic_source": [
              {
                "identifier": "arn:aws:elasticloadbalancing:us-east-1:652613197255:targetgroup/asapflow-tg/1475042372e613a5",
                "type": "elbv2"
              }
            ],
            "vpc_zone_identifier": [
              "subnet-0a25520585372912b"
            ],
            "wait_for_capacity_timeout": "10m",
            "wait_for_elb_capacity": null,
            "warm_pool": [],
            "warm_pool_size": 0
          },
          "sensitive_attributes": [],
          "identity_schema_version": 0,
          "private": "eyJlMmJmYjczMC1lY2FhLTExZTYtOGY4OC0zNDM2M2JjN2M0YzAiOnsiZGVsZXRlIjo2MDAwMDAwMDAwMDAsInVwZGF0ZSI6NjAwMDAwMDAwMDAwfSwic2NoZW1hX3ZlcnNpb24iOiIxIn0=",
          "dependencies": [
            "aws_ebs_volume.es_data",
            "aws_iam_instance_profile.es",
            "aws_iam_role.es",
            "aws_launch_template.es",
            "aws_lb_target_group.es_tg",
            "aws_security_group.es"
          ]
        }
      ]
    },
    {
      "mode": "managed",
      "type": "aws_ebs_volume",
      "name": "es_data",
      "provider": "provider[\"registry.terraform.io/hashicorp/aws\"]",
      "instances": [
        {
          "schema_version": 0,
          "attributes": {
            "arn": "arn:aws:ec2:us-east-1:652613197255:volume/vol-0078c87bc086a4083",
            "availability_zone": "us-east-1a",
            "create_time": "2026-01-26T20:18:55Z",
            "encrypted": false,
            "final_snapshot": false,
            "id": "vol-0078c87bc086a4083",
            "iops": 3000,
            "kms_key_id": "",
            "multi_attach_enabled": false,
            "outpost_arn": "",
            "size": 100,
            "snapshot_id": "",
            "tags": {
              "Environment": "hml",
              "Name": "asapflow-data"
            },
            "tags_all": {
              "Environment": "hml",
              "Name": "asapflow-data"
            },
            "throughput": 125,
            "timeouts": null,
            "type": "gp3"
          },
          "sensitive_attributes": [],
          "identity_schema_version": 0,
          "private": "eyJlMmJmYjczMC1lY2FhLTExZTYtOGY4OC0zNDM2M2JjN2M0YzAiOnsiY3JlYXRlIjozMDAwMDAwMDAwMDAsImRlbGV0ZSI6NjAwMDAwMDAwMDAwLCJ1cGRhdGUiOjMwMDAwMDAwMDAwMH19"
        }
      ]
    },
    {
      "mode": "managed",
      "type": "aws_iam_instance_profile",
      "name": "es",
      "provider": "provider[\"registry.terraform.io/hashicorp/aws\"]",
      "instances": [
        {
          "schema_version": 0,
          "attributes": {
            "arn": "arn:aws:iam::652613197255:instance-profile/asapflow-profile-20260126201855435500000005",
            "create_date": "2026-01-26T20:18:55Z",
            "id": "asapflow-profile-20260126201855435500000005",
            "name": "asapflow-profile-20260126201855435500000005",
            "name_prefix": "asapflow-profile-",
            "path": "/",
            "role": "asapflow-role-20260126201854200600000003",
            "tags": {},
            "tags_all": {},
            "unique_id": "AIPAZP4WHDXDSCLQANSTQ"
          },
          "sensitive_attributes": [],
          "identity_schema_version": 0,
          "private": "bnVsbA==",
          "dependencies": [
            "aws_iam_role.es"
          ]
        }
      ]
    },
    {
      "mode": "managed",
      "type": "aws_iam_policy",
      "name": "es_volume",
      "provider": "provider[\"registry.terraform.io/hashicorp/aws\"]",
      "instances": [
        {
          "schema_version": 0,
          "attributes": {
            "arn": "arn:aws:iam::652613197255:policy/asapflow-volume-20260126201854188300000001",
            "attachment_count": 1,
            "description": "",
            "id": "arn:aws:iam::652613197255:policy/asapflow-volume-20260126201854188300000001",
            "name": "asapflow-volume-20260126201854188300000001",
            "name_prefix": "asapflow-volume-",
            "path": "/",
            "policy": "{\"Statement\":[{\"Action\":[\"ec2:AttachVolume\",\"ec2:DetachVolume\",\"ec2:DescribeVolumes\",\"ec2:DescribeInstances\"],\"Effect\":\"Allow\",\"Resource\":\"*\"},{\"Action\":[\"secretsmanager:GetSecretValue\"],\"Effect\":\"Allow\",\"Resource\":[\"arn:aws:secretsmanager:us-east-1:652613197255:secret:asapflow/elastic-VCZzw4\",\"arn:aws:secretsmanager:us-east-1:652613197255:secret:asapflow/elastic-VCZzw4-*\"]}],\"Version\":\"2012-10-17\"}",
            "policy_id": "ANPAZP4WHDXDZUVKFCZ4D",
            "tags": {},
            "tags_all": {}
          },
          "sensitive_attributes": [],
          "identity_schema_version": 0,
          "private": "bnVsbA=="
        }
      ]
    },
    {
      "mode": "managed",
      "type": "aws_iam_role",
      "name": "es",
      "provider": "provider[\"registry.terraform.io/hashicorp/aws\"]",
      "instances": [
        {
          "schema_version": 0,
          "attributes": {
            "arn": "arn:aws:iam::652613197255:role/asapflow-role-20260126201854200600000003",
            "assume_role_policy": "{\"Statement\":[{\"Action\":\"sts:AssumeRole\",\"Effect\":\"Allow\",\"Principal\":{\"Service\":\"ec2.amazonaws.com\"}}],\"Version\":\"2012-10-17\"}",
            "create_date": "2026-01-26T20:18:54Z",
            "description": "",
            "force_detach_policies": false,
            "id": "asapflow-role-20260126201854200600000003",
            "inline_policy": [],
            "managed_policy_arns": [
              "arn:aws:iam::652613197255:policy/asapflow-volume-20260126201854188300000001",
              "arn:aws:iam::aws:policy/AmazonSSMManagedInstanceCore"
            ],
            "max_session_duration": 3600,
            "name": "asapflow-role-20260126201854200600000003",
            "name_prefix": "asapflow-role-",
            "path": "/",
            "permissions_boundary": "",
            "tags": {
              "Environment": "hml"
            },
            "tags_all": {
              "Environment": "hml"
            },
            "unique_id": "AROAZP4WHDXDRKYUEFW3I"
          },
          "sensitive_attributes": [],
          "identity_schema_version": 0,
          "private": "bnVsbA=="
        }
      ]
    },
    {
      "mode": "managed",
      "type": "aws_iam_role_policy_attachment",
      "name": "es_volume",
      "provider": "provider[\"registry.terraform.io/hashicorp/aws\"]",
      "instances": [
        {
          "schema_version": 0,
          "attributes": {
            "id": "asapflow-role-20260126201854200600000003-20260126201855830200000007",
            "policy_arn": "arn:aws:iam::652613197255:policy/asapflow-volume-20260126201854188300000001",
            "role": "asapflow-role-20260126201854200600000003"
          },
          "sensitive_attributes": [],
          "identity_schema_version": 0,
          "private": "bnVsbA==",
          "dependencies": [
            "aws_iam_policy.es_volume",
            "aws_iam_role.es"
          ]
        }
      ]
    },
    {
      "mode": "managed",
      "type": "aws_iam_role_policy_attachment",
      "name": "ssm",
      "provider": "provider[\"registry.terraform.io/hashicorp/aws\"]",
      "instances": [
        {
          "schema_version": 0,
          "attributes": {
            "id": "asapflow-role-20260126201854200600000003-20260126201855635100000006",
            "policy_arn": "arn:aws:iam::aws:policy/AmazonSSMManagedInstanceCore",
            "role": "asapflow-role-20260126201854200600000003"
          },
          "sensitive_attributes": [],
          "identity_schema_version": 0,
          "private": "bnVsbA==",
          "dependencies": [
            "aws_iam_role.es"
          ]
        }
      ]
    },
    {
      "mode": "managed",
      "type": "aws_launch_template",
      "name": "es",
      "provider": "provider[\"registry.terraform.io/hashicorp/aws\"]",
      "instances": [
        {
          "schema_version": 0,
          "attributes": {
            "arn": "arn:aws:ec2:us-east-1:652613197255:launch-template/lt-06ff924469b03d3a1",
            "block_device_mappings": [],
            "capacity_reservation_specification": [],
            "cpu_options": [],
            "credit_specification": [],
            "default_version": 1,
            "description": "",
            "disable_api_stop": false,
            "disable_api_termination": false,
            "ebs_optimized": "",
            "elastic_gpu_specifications": [],
            "elastic_inference_accelerator": [],
            "enclave_options": [],
            "hibernation_options": [],
            "iam_instance_profile": [
              {
                "arn": "",
                "name": "asapflow-profile-20260126201855435500000005"
              }
            ],
            "id": "lt-06ff924469b03d3a1",
            "image_id": "ami-085faab2e35bc0c11",
            "instance_initiated_shutdown_behavior": "",
            "instance_market_options": [],
            "instance_requirements": [],
            "instance_type": "t3.large",
            "kernel_id": "",
            "key_name": "david-key",
            "latest_version": 1,
            "license_specification": [],
            "maintenance_options": [],
            "metadata_options": [
              {
                "http_endpoint": "enabled",
                "http_protocol_ipv6": "",
                "http_put_response_hop_limit": 2,
                "http_tokens": "required",
                "instance_metadata_tags": ""
              }
            ],
            "monitoring": [],
            "name": "asapflow-lt-20260126201905737500000008",
            "name_prefix": "asapflow-lt-",
            "network_interfaces": [
              {
                "associate_carrier_ip_address": "",
                "associate_public_ip_address": "false",
                "connection_tracking_specification": [],
                "delete_on_termination": "",
                "description": "",
                "device_index": 0,
                "ena_srd_specification": [],
                "interface_type": "",
                "ipv4_address_count": 0,
                "ipv4_addresses": [],
                "ipv4_prefix_count": 0,
                "ipv4_prefixes": [],
                "ipv6_address_count": 0,
                "ipv6_addresses": [],
                "ipv6_prefix_count": 0,
                "ipv6_prefixes": [],
                "network_card_index": 0,
                "network_interface_id": "",
                "primary_ipv6": "",
                "private_ip_address": "",
                "security_groups": [
                  "sg-09861532822625f82"
                ],
                "subnet_id": "subnet-0a25520585372912b"
              }
            ],
            "placement": [],
            "private_dns_name_options": [],
            "ram_disk_id": "",
            "security_group_names": [],
            "tag_specifications": [
              {
                "resource_type": "instance",
                "tags": {
                  "Environment": "hml",
                  "Name": "asapflow-instance"
                }
              },
              {
                "resource_type": "volume",
                "tags": {
                  "Environment": "hml"
                }
              }
            ],
            "tags": {
              "Environment": "hml"
            },
            "tags_all": {
              "Environment": "hml"
            },
            "update_default_version": null,
            "user_data": "DQojIS9iaW4vYmFzaA0Kc2V0IC1ldW8gcGlwZWZhaWwNCg0KZWNobyAiW0lORk9dIFN0YXJ0aW5nIEVsYXN0aWNzZWFyY2ggYm9vdHN0cmFwIChBbWF6b24gTGludXggMiBzYWZlKSINCg0KIyAtLS0tLS0tLS0tLS0tLS0tLS0tLS0tLS0tLS0tLS0tLS0tLS0tLS0tLS0tLS0tLS0tLS0tLS0tLS0tLS0tLS0tLS0tDQojIFRlcnJhZm9ybS1wcm92aWRlZCB2YWx1ZXMNCiMgLS0tLS0tLS0tLS0tLS0tLS0tLS0tLS0tLS0tLS0tLS0tLS0tLS0tLS0tLS0tLS0tLS0tLS0tLS0tLS0tLS0tLS0tLQ0KVk9MVU1FX0lEPSJ2b2wtMDA3OGM4N2JjMDg2YTQwODMiDQpERVZJQ0VfTkFNRT0iL2Rldi9zZGYiICAgICAgICMgZXg6IC9kZXYvc2RmIChOaXRybyAtPiBudm1lMW4xKQ0KUkVHSU9OPSJ1cy1lYXN0LTEiDQpFU19WRVJTSU9OPSI4LjEzLjQiDQpFTEFTVElDX1BBU1NXT1JEX1NFQ1JFVF9BUk49ImFybjphd3M6c2VjcmV0c21hbmFnZXI6dXMtZWFzdC0xOjY1MjYxMzE5NzI1NTpzZWNyZXQ6YXNhcGZsb3cvZWxhc3RpYy1WQ1p6dzQiDQpFTEFTVElDX1BBU1NXT1JEX1NFQ1JFVF9LRVk9IkVMQVNUSUNfUFdEIg0KDQoNCg0KWyAtbiAiJFZPTFVNRV9JRCIgXSB8fCB7IGVjaG8gIltFUlJPUl0gVk9MVU1FX0lEIHZhemlvIjsgZXhpdCAxOyB9DQpbIC1uICIkREVWSUNFX05BTUUiIF0gfHwgeyBlY2hvICJbRVJST1JdIERFVklDRV9OQU1FIHZhemlvIjsgZXhpdCAxOyB9DQpbIC1uICIkUkVHSU9OIiBdIHx8IHsgZWNobyAiW0VSUk9SXSBSRUdJT04gdmF6aWEiOyBleGl0IDE7IH0NClsgLW4gIiRFTEFTVElDX1BBU1NXT1JEX1NFQ1JFVF9BUk4iIF0gfHwgeyBlY2hvICJbRVJST1JdIEVMQVNUSUNfUEFTU1dPUkRfU0VDUkVUX0FSTiB2YXppbyI7IGV4aXQgMTsgfQ0KWyAtbiAiJEVMQVNUSUNfUEFTU1dPUkRfU0VDUkVUX0tFWSIgXSB8fCB7IGVjaG8gIltFUlJPUl0gRUxBU1RJQ19QQVNTV09SRF9TRUNSRVRfS0VZIHZhemlvIjsgZXhpdCAxOyB9DQoNCiMgLS0tLS0tLS0tLS0tLS0tLS0tLS0tLS0tLS0tLS0tLS0tLS0tLS0tLS0tLS0tLS0tLS0tLS0tLS0tLS0tLS0tLS0tLQ0KIyBNZXRhZGF0YSB2aWEgSU1EU3YyDQojIC0tLS0tLS0tLS0tLS0tLS0tLS0tLS0tLS0tLS0tLS0tLS0tLS0tLS0tLS0tLS0tLS0tLS0tLS0tLS0tLS0tLS0tLS0NClRPS0VOPSQoY3VybCAtc1MgLVggUFVUICJodHRwOi8vMTY5LjI1NC4xNjkuMjU0L2xhdGVzdC9hcGkvdG9rZW4iIFwNCiAgLUggIlgtYXdzLWVjMi1tZXRhZGF0YS10b2tlbi10dGwtc2Vjb25kczogMjE2MDAiKQ0KDQpJTlNUQU5DRV9JRD0kKGN1cmwgLXNTIC1IICJYLWF3cy1lYzItbWV0YWRhdGEtdG9rZW46ICRUT0tFTiIgXA0KICBodHRwOi8vMTY5LjI1NC4xNjkuMjU0L2xhdGVzdC9tZXRhLWRhdGEvaW5zdGFuY2UtaWQpDQoNCklOU1RBTkNFX0FaPSQoY3VybCAtc1MgLUggIlgtYXdzLWVjMi1tZXRhZGF0YS10b2tlbjogJFRPS0VOIiBcDQogIGh0dHA6Ly8xNjkuMjU0LjE2OS4yNTQvbGF0ZXN0L21ldGEtZGF0YS9wbGFjZW1lbnQvYXZhaWxhYmlsaXR5LXpvbmUpDQoNCmVjaG8gIltJTkZPXSBJbnN0YW5jZTogJElOU1RBTkNFX0lEICBBWjogJElOU1RBTkNFX0FaIg0KZWNobyAiW0lORk9dIFZvbHVtZTogICAkVk9MVU1FX0lEIg0KDQojIC0tLS0tLS0tLS0tLS0tLS0tLS0tLS0tLS0tLS0tLS0tLS0tLS0tLS0tLS0tLS0tLS0tLS0tLS0tLS0tLS0tLS0tLS0NCiMgUHLDqS1yZXF1aXNpdG9zDQojIC0tLS0tLS0tLS0tLS0tLS0tLS0tLS0tLS0tLS0tLS0tLS0tLS0tLS0tLS0tLS0tLS0tLS0tLS0tLS0tLS0tLS0tLS0NCnl1bSBpbnN0YWxsIC15IHhmc3Byb2dzIGpxDQoNCiMgLS0tLS0tLS0tLS0tLS0tLS0tLS0tLS0tLS0tLS0tLS0tLS0tLS0tLS0tLS0tLS0tLS0tLS0tLS0tLS0tLS0tLS0tLQ0KIyBWYWxpZGEgQVogZG8gdm9sdW1lIChFQlMgw6kgem9uYWwpDQojIC0tLS0tLS0tLS0tLS0tLS0tLS0tLS0tLS0tLS0tLS0tLS0tLS0tLS0tLS0tLS0tLS0tLS0tLS0tLS0tLS0tLS0tLS0NClZPTF9BWj0kKGF3cyBlYzIgZGVzY3JpYmUtdm9sdW1lcyAtLXJlZ2lvbiAiJFJFR0lPTiIgXA0KICAtLXZvbHVtZS1pZHMgIiRWT0xVTUVfSUQiIC0tcXVlcnkgIlZvbHVtZXNbMF0uQXZhaWxhYmlsaXR5Wm9uZSIgLS1vdXRwdXQgdGV4dCkNCg0KaWYgWyAiJFZPTF9BWiIgIT0gIiRJTlNUQU5DRV9BWiIgXTsgdGhlbg0KICBlY2hvICJbRVJST1JdIEVCUyAkVk9MVU1FX0lEIGVzdMOhIG5hICRWT0xfQVogZSBhIGluc3TDom5jaWEgbmEgJElOU1RBTkNFX0FaLiBBYm9ydGFuZG8uIg0KICBleGl0IDENCmZpDQoNCiMgLS0tLS0tLS0tLS0tLS0tLS0tLS0tLS0tLS0tLS0tLS0tLS0tLS0tLS0tLS0tLS0tLS0tLS0tLS0tLS0tLS0tLS0tLQ0KIyBBdHRhY2ggRUJTIChBU0cpDQojIC0tLS0tLS0tLS0tLS0tLS0tLS0tLS0tLS0tLS0tLS0tLS0tLS0tLS0tLS0tLS0tLS0tLS0tLS0tLS0tLS0tLS0tLS0NCkFUVEFDSEVEX1RPPSQoYXdzIGVjMiBkZXNjcmliZS12b2x1bWVzIC0tcmVnaW9uICIkUkVHSU9OIiBcDQogIC0tdm9sdW1lLWlkcyAiJFZPTFVNRV9JRCIgLS1xdWVyeSAiVm9sdW1lc1swXS5BdHRhY2htZW50c1swXS5JbnN0YW5jZUlkIiBcDQogIC0tb3V0cHV0IHRleHQgMj4vZGV2L251bGwgfHwgdHJ1ZSkNCg0KaWYgWyAiJEFUVEFDSEVEX1RPIiA9ICIkSU5TVEFOQ0VfSUQiIF07IHRoZW4NCiAgZWNobyAiW0lORk9dIFZvbHVtZSBqw6EgYW5leGFkbyBhIGVzdGEgaW5zdMOibmNpYS4iDQplbGlmIFsgLXogIiRBVFRBQ0hFRF9UTyIgXSB8fCBbICIkQVRUQUNIRURfVE8iID0gIk5vbmUiIF07IHRoZW4NCiAgZWNobyAiW0lORk9dIEFuZXhhbmRvIHZvbHVtZS4uLiINCiAgYXdzIGVjMiBhdHRhY2gtdm9sdW1lIC0tcmVnaW9uICIkUkVHSU9OIiBcDQogICAgLS12b2x1bWUtaWQgIiRWT0xVTUVfSUQiIC0taW5zdGFuY2UtaWQgIiRJTlNUQU5DRV9JRCIgLS1kZXZpY2UgIiRERVZJQ0VfTkFNRSINCg0KICBlY2hvICJbSU5GT10gQWd1YXJkYW5kbyB2b2x1bWUgZmljYXIgaW4tdXNlLi4uIg0KICBhd3MgZWMyIHdhaXQgdm9sdW1lLWluLXVzZSAtLXJlZ2lvbiAiJFJFR0lPTiIgLS12b2x1bWUtaWRzICIkVk9MVU1FX0lEIg0KZWxzZQ0KICBlY2hvICJbRVJST1JdIFZvbHVtZSAkVk9MVU1FX0lEIGFuZXhhZG8gYSBvdXRyYSBpbnN0w6JuY2lhICgkQVRUQUNIRURfVE8pLiBBYm9ydGFuZG8uIg0KICBleGl0IDENCmZpDQoNCiMgLS0tLS0tLS0tLS0tLS0tLS0tLS0tLS0tLS0tLS0tLS0tLS0tLS0tLS0tLS0tLS0tLS0tLS0tLS0tLS0tLS0tLS0tLQ0KIyBEZXRlY3RhciBkZXZpY2UgcGF0aCAoTml0cm86IE5WTWUgcG9yIElEOyBmYWxsYmFjazogJERFVklDRV9OQU1FKQ0KIyAtLS0tLS0tLS0tLS0tLS0tLS0tLS0tLS0tLS0tLS0tLS0tLS0tLS0tLS0tLS0tLS0tLS0tLS0tLS0tLS0tLS0tLS0tDQplY2hvICJbSU5GT10gRGV0ZWN0YW5kbyBkZXZpY2UgcGF0aC4uLiINCkRFVklDRV9QQVRIPSIiDQpmb3IgXyBpbiAkKHNlcSAxIDYwKTsgZG8NCiAgaWYgWyAtZSAiL2Rldi9kaXNrL2J5LWlkL252bWUtQW1hem9uX0VsYXN0aWNfQmxvY2tfU3RvcmVfJFZPTFVNRV9JRCIgXTsgdGhlbg0KICAgIERFVklDRV9QQVRIPSQocmVhZGxpbmsgLWYgIi9kZXYvZGlzay9ieS1pZC9udm1lLUFtYXpvbl9FbGFzdGljX0Jsb2NrX1N0b3JlXyRWT0xVTUVfSUQiKQ0KICAgIGJyZWFrDQogIGZpDQogIGlmIFsgLWUgIiRERVZJQ0VfTkFNRSIgXTsgdGhlbg0KICAgIERFVklDRV9QQVRIPSIkREVWSUNFX05BTUUiDQogICAgYnJlYWsNCiAgZmkNCiAgdWRldmFkbSBzZXR0bGUgfHwgdHJ1ZQ0KICBzbGVlcCAyDQpkb25lDQoNClsgLW4gIiRERVZJQ0VfUEFUSCIgXSB8fCB7IGVjaG8gIltFUlJPUl0gRGV2aWNlIHBhdGggbsOjbyBlbmNvbnRyYWRvIjsgZXhpdCAxOyB9DQplY2hvICJbSU5GT10gREVWSUNFX1BBVEg6ICRERVZJQ0VfUEFUSCINCg0KIyAtLS0tLS0tLS0tLS0tLS0tLS0tLS0tLS0tLS0tLS0tLS0tLS0tLS0tLS0tLS0tLS0tLS0tLS0tLS0tLS0tLS0tLS0tDQojIE1vbnRhciBmaWxlc3lzdGVtIChYRlMpIGVtIC92YXIvbGliL2VsYXN0aWNzZWFyY2gNCiMgLS0tLS0tLS0tLS0tLS0tLS0tLS0tLS0tLS0tLS0tLS0tLS0tLS0tLS0tLS0tLS0tLS0tLS0tLS0tLS0tLS0tLS0tLQ0KbWtkaXIgLXAgL3Zhci9saWIvZWxhc3RpY3NlYXJjaA0KDQppZiAhIGJsa2lkICIkREVWSUNFX1BBVEgiID4vZGV2L251bGwgMj4mMTsgdGhlbg0KICBlY2hvICJbSU5GT10gRm9ybWF0YW5kbyB2b2x1bWUgY29tIFhGUy4uLiINCiAgbWtmcy54ZnMgLWYgIiRERVZJQ0VfUEFUSCINCmZpDQoNClVVSUQ9JChibGtpZCAtbyB2YWx1ZSAtcyBVVUlEICIkREVWSUNFX1BBVEgiKQ0KaWYgISBncmVwIC1xICIkVVVJRCIgL2V0Yy9mc3RhYjsgdGhlbg0KICBlY2hvICJVVUlEPSRVVUlEIC92YXIvbGliL2VsYXN0aWNzZWFyY2ggeGZzIGRlZmF1bHRzLG5vZmFpbCxub2F0aW1lIDAgMiIgPj4gL2V0Yy9mc3RhYg0KZmkNCg0KbW91bnQgLWENCm1vdW50cG9pbnQgLXEgL3Zhci9saWIvZWxhc3RpY3NlYXJjaCB8fCB7IGVjaG8gIltFUlJPUl0gRmFsaGEgYW8gbW9udGFyIC92YXIvbGliL2VsYXN0aWNzZWFyY2giOyBleGl0IDE7IH0NCmVjaG8gIltJTkZPXSAvdmFyL2xpYi9lbGFzdGljc2VhcmNoIG1vbnRhZG8uIg0KDQojIC0tLS0tLS0tLS0tLS0tLS0tLS0tLS0tLS0tLS0tLS0tLS0tLS0tLS0tLS0tLS0tLS0tLS0tLS0tLS0tLS0tLS0tLS0NCiMgS2VybmVsIHBhcmFtDQojIC0tLS0tLS0tLS0tLS0tLS0tLS0tLS0tLS0tLS0tLS0tLS0tLS0tLS0tLS0tLS0tLS0tLS0tLS0tLS0tLS0tLS0tLS0NCmVjaG8gInZtLm1heF9tYXBfY291bnQ9MjYyMTQ0IiA+IC9ldGMvc3lzY3RsLmQvOTktZWxhc3RpY3NlYXJjaC5jb25mDQpzeXNjdGwgLXAgL2V0Yy9zeXNjdGwuZC85OS1lbGFzdGljc2VhcmNoLmNvbmYNCg0KIyAtLS0tLS0tLS0tLS0tLS0tLS0tLS0tLS0tLS0tLS0tLS0tLS0tLS0tLS0tLS0tLS0tLS0tLS0tLS0tLS0tLS0tLS0tDQojIFJlcG9zaXTDs3JpbyBlIGluc3RhbGHDp8OjbyBFbGFzdGljc2VhcmNoDQojIC0tLS0tLS0tLS0tLS0tLS0tLS0tLS0tLS0tLS0tLS0tLS0tLS0tLS0tLS0tLS0tLS0tLS0tLS0tLS0tLS0tLS0tLS0NCmNhdCA+L2V0Yy95dW0ucmVwb3MuZC9lbGFzdGljc2VhcmNoLnJlcG8gPDwnUkVQTycNCltlbGFzdGljc2VhcmNoLTgueF0NCm5hbWU9RWxhc3RpY3NlYXJjaCByZXBvc2l0b3J5IGZvciA4LnggcGFja2FnZXMNCmJhc2V1cmw9aHR0cHM6Ly9hcnRpZmFjdHMuZWxhc3RpYy5jby9wYWNrYWdlcy84LngveXVtDQpncGdjaGVjaz0xDQpncGdrZXk9aHR0cHM6Ly9hcnRpZmFjdHMuZWxhc3RpYy5jby9HUEctS0VZLWVsYXN0aWNzZWFyY2gNCmVuYWJsZWQ9MQ0KYXV0b3JlZnJlc2g9MQ0KdHlwZT1ycG0tbWQNClJFUE8NCg0KeXVtIGluc3RhbGwgLXkgImVsYXN0aWNzZWFyY2gtJEVTX1ZFUlNJT04iDQoNCiMgRXZpdGEgYXV0by1zdGFydCBkbyBSUE0NCnN5c3RlbWN0bCBkaXNhYmxlIGVsYXN0aWNzZWFyY2ggfHwgdHJ1ZQ0Kc3lzdGVtY3RsIHN0b3AgZWxhc3RpY3NlYXJjaCB8fCB0cnVlDQoNCiMgLS0tLS0tLS0tLS0tLS0tLS0tLS0tLS0tLS0tLS0tLS0tLS0tLS0tLS0tLS0tLS0tLS0tLS0tLS0tLS0tLS0tLS0tLQ0KIyBDb25maWd1cmHDp8OjbyAoc2luZ2xlLW5vZGUsIHNlY3VyaXR5IE9OLCBUTFMgT0ZGKQ0KIyAtLS0tLS0tLS0tLS0tLS0tLS0tLS0tLS0tLS0tLS0tLS0tLS0tLS0tLS0tLS0tLS0tLS0tLS0tLS0tLS0tLS0tLS0tDQpta2RpciAtcCAvdmFyL2xvZy9lbGFzdGljc2VhcmNoDQpjaG93biAtUiBlbGFzdGljc2VhcmNoOmVsYXN0aWNzZWFyY2ggL3Zhci9saWIvZWxhc3RpY3NlYXJjaCAvdmFyL2xvZy9lbGFzdGljc2VhcmNoDQoNCmNhdCA+L2V0Yy9lbGFzdGljc2VhcmNoL2VsYXN0aWNzZWFyY2gueW1sIDw8Q09ORklHDQpjbHVzdGVyLm5hbWU6IGVzLWFzYXBmbG93LWxvZ3MNCm5vZGUubmFtZTogJElOU1RBTkNFX0lEDQpkaXNjb3ZlcnkudHlwZTogc2luZ2xlLW5vZGUNCg0KcGF0aC5kYXRhOiAvdmFyL2xpYi9lbGFzdGljc2VhcmNoDQpwYXRoLmxvZ3M6IC92YXIvbG9nL2VsYXN0aWNzZWFyY2gNCg0KbmV0d29yay5ob3N0OiAwLjAuMC4wDQpodHRwLnBvcnQ6IDkyMDANCg0KeHBhY2suc2VjdXJpdHkuZW5hYmxlZDogdHJ1ZQ0KeHBhY2suc2VjdXJpdHkuZW5yb2xsbWVudC5lbmFibGVkOiBmYWxzZQ0KeHBhY2suc2VjdXJpdHkuaHR0cC5zc2wuZW5hYmxlZDogZmFsc2UNCnhwYWNrLnNlY3VyaXR5LnRyYW5zcG9ydC5zc2wuZW5hYmxlZDogZmFsc2UNCkNPTkZJRw0KDQpjaG93biAtUiBlbGFzdGljc2VhcmNoOmVsYXN0aWNzZWFyY2ggL2V0Yy9lbGFzdGljc2VhcmNoDQoNCiMgLS0tLS0tLS0tLS0tLS0tLS0tLS0tLS0tLS0tLS0tLS0tLS0tLS0tLS0tLS0tLS0tLS0tLS0tLS0tLS0tLS0tLS0tLQ0KIyBUTVBESVIgKGNvbXBhdMOtdmVsIGNvbSBzeXN0ZW1kIDIxOSAvIEFtYXpvbiBMaW51eCAyKQ0KIyAtLS0tLS0tLS0tLS0tLS0tLS0tLS0tLS0tLS0tLS0tLS0tLS0tLS0tLS0tLS0tLS0tLS0tLS0tLS0tLS0tLS0tLS0tDQpta2RpciAtcCAvZXRjL3N5c3RlbWQvc3lzdGVtL2VsYXN0aWNzZWFyY2guc2VydmljZS5kDQpjYXQgPi9ldGMvc3lzdGVtZC9zeXN0ZW0vZWxhc3RpY3NlYXJjaC5zZXJ2aWNlLmQvb3ZlcnJpZGUuY29uZiA8PCdFT0YnDQpbU2VydmljZV0NClByaXZhdGVUbXA9ZmFsc2UNClBlcm1pc3Npb25zU3RhcnRPbmx5PXRydWUNCkV4ZWNTdGFydFByZT0vdXNyL2Jpbi9ta2RpciAtcCAvdmFyL3RtcC9lbGFzdGljc2VhcmNoLXRtcA0KRXhlY1N0YXJ0UHJlPS91c3IvYmluL2Nob3duIGVsYXN0aWNzZWFyY2g6ZWxhc3RpY3NlYXJjaCAvdmFyL3RtcC9lbGFzdGljc2VhcmNoLXRtcA0KRXhlY1N0YXJ0UHJlPS91c3IvYmluL2NobW9kIDE3NzcgL3Zhci90bXAvZWxhc3RpY3NlYXJjaC10bXANCkVudmlyb25tZW50PSJFU19UTVBESVI9L3Zhci90bXAvZWxhc3RpY3NlYXJjaC10bXAiDQpMaW1pdE5PRklMRT02NTUzNQ0KRU9GDQoNCmNhdCA+L2V0Yy9zeXNjb25maWcvZWxhc3RpY3NlYXJjaCA8PCdFT0YnDQpFU19QQVRIX0NPTkY9L2V0Yy9lbGFzdGljc2VhcmNoDQpFU19UTVBESVI9L3Zhci90bXAvZWxhc3RpY3NlYXJjaC10bXANCkVTX0pBVkFfT1BUUz0iLURqYXZhLmlvLnRtcGRpcj0vdmFyL3RtcC9lbGFzdGljc2VhcmNoLXRtcCAtRGphbnNpLnRtcGRpcj0vdmFyL3RtcC9lbGFzdGljc2VhcmNoLXRtcCINCkVPRg0KDQojIC0tLS0tLS0tLS0tLS0tLS0tLS0tLS0tLS0tLS0tLS0tLS0tLS0tLS0tLS0tLS0tLS0tLS0tLS0tLS0tLS0tLS0tLS0NCiMgU3ViaXIgRWxhc3RpY3NlYXJjaA0KIyAtLS0tLS0tLS0tLS0tLS0tLS0tLS0tLS0tLS0tLS0tLS0tLS0tLS0tLS0tLS0tLS0tLS0tLS0tLS0tLS0tLS0tLS0tDQpzeXN0ZW1jdGwgZGFlbW9uLXJlbG9hZA0Kc3lzdGVtY3RsIGVuYWJsZSBlbGFzdGljc2VhcmNoDQpzeXN0ZW1jdGwgc3RhcnQgZWxhc3RpY3NlYXJjaA0KDQplY2hvICJbU1VDQ0VTU10gRWxhc3RpY3NlYXJjaCBvbmxpbmUgKFNlY3VyaXR5PU9OLCBUTFM9T0ZGKS4iDQoNCg0KDQojLS0tLS0tLS0tLS0tLS0tLS0tLS0tLS0tLS0tLS0tLS0tLS0tLS0tLS0tLS0tLS0tLS0tLS0tLS0tLS0tLS0tLS0tLQ0KIyBSZXNldCBkZSBzZW5oYSBkbyAnZWxhc3RpYycgKGdlcmEgVEVNUCBlIHRyb2NhIHBhcmEgc2VuaGEgZG8gU2VjcmV0KQ0KIy0tLS0tLS0tLS0tLS0tLS0tLS0tLS0tLS0tLS0tLS0tLS0tLS0tLS0tLS0tLS0tLS0tLS0tLS0tLS0tLS0tLS0tLS0NCg0KIyBGdW7Dp8OjbzogYWd1YXJkYSBFbGFzdGljc2VhcmNoIHJlc3BvbmRlciAoMjAwLzQwMSkgb3UgZXN0b3VyYSB0aW1lb3V0DQp3YWl0X2Zvcl9lcygpIHsNCiAgbG9jYWwgdGltZW91dD0iJHsxOi0yNDB9Ig0KICBsb2NhbCBzdGFydF90cyBub3cgY29kZQ0KICBzdGFydF90cz0kKGRhdGUgKyVzKQ0KICBlY2hvICJbSU5GT10gQWd1YXJkYW5kbyBFbGFzdGljc2VhcmNoIHJlc3BvbmRlciBlbSBodHRwOi8vMTI3LjAuMC4xOjkyMDAgLi4uIg0KICB3aGlsZSB0cnVlOyBkbw0KICAgIGNvZGU9JChjdXJsIC1zIC1vIC9kZXYvbnVsbCAtdyAiJXtodHRwX2NvZGV9IiBodHRwOi8vMTI3LjAuMC4xOjkyMDAvIHx8IHRydWUpDQogICAgaWYgWyAiJGNvZGUiID0gIjIwMCIgXSB8fCBbICIkY29kZSIgPSAiNDAxIiBdOyB0aGVuDQogICAgICBlY2hvICJbSU5GT10gRWxhc3RpY3NlYXJjaCByZXNwb25kZXUgKEhUVFAgJGNvZGUpLiINCiAgICAgIHJldHVybiAwDQogICAgZmkNCiAgICBub3c9JChkYXRlICslcykNCiAgICBpZiBbICQoKCBub3cgLSBzdGFydF90cyApKSAtZ2UgIiR0aW1lb3V0IiBdOyB0aGVuDQogICAgICBlY2hvICJbRVJST1JdIFRpbWVvdXQgYWd1YXJkYW5kbyBFbGFzdGljc2VhcmNoICjDumx0aW1vIEhUVFA9JGNvZGUpLiINCiAgICAgIHJldHVybiAxDQogICAgZmkNCiAgICBzbGVlcCAzDQogIGRvbmUNCn0NCg0KIyBHYXJhbnRlIHF1ZSBvIHNlcnZpw6dvIGVzdMOhIGF0aXZvIGUgSFRUUCBwcm9udG8NCmlmICEgc3lzdGVtY3RsIGlzLWFjdGl2ZSAtLXF1aWV0IGVsYXN0aWNzZWFyY2g7IHRoZW4NCiAgZWNobyAiW0lORk9dIEVsYXN0aWNzZWFyY2ggbsOjbyBlc3TDoSAnYWN0aXZlJyBhaW5kYS4gQWd1YXJkYW5kbyAyMHMuLi4iDQogIHNsZWVwIDIwDQpmaQ0Kc3lzdGVtY3RsIGlzLWFjdGl2ZSAtLXF1aWV0IGVsYXN0aWNzZWFyY2ggfHwgeyBlY2hvICJbRVJST1JdIEVsYXN0aWNzZWFyY2ggbsOjbyBpbmljaW91IChzeXN0ZW1kKS4iOyBleGl0IDE7IH0NCndhaXRfZm9yX2VzIDI0MCB8fCB7IGVjaG8gIltFUlJPUl0gRWxhc3RpY3NlYXJjaCBuw6NvIGZpY291IHByb250byBhIHRlbXBvLiI7IGV4aXQgMTsgfQ0KDQplY2hvICJbSU5GT10gUmVzZXRhbmRvIHNlbmhhIFRFTVAgZG8gdXN1w6FyaW8gJ2VsYXN0aWMnIChtb2RvIGJhdGNoKS4uLiINClJFU0VUX09VVD0kKC91c3Ivc2hhcmUvZWxhc3RpY3NlYXJjaC9iaW4vZWxhc3RpY3NlYXJjaC1yZXNldC1wYXNzd29yZCAtLWJhdGNoIC11IGVsYXN0aWMgLWYgMj4mMSkgfHwgew0KICBlY2hvICJbRVJST1JdIEZhbGhhIGFvIHJvZGFyIGVsYXN0aWNzZWFyY2gtcmVzZXQtcGFzc3dvcmQiDQogIGVjaG8gIiRSRVNFVF9PVVQiDQogIGV4aXQgMQ0KfQ0KDQojIEV4dHJhaSBhIHNlbmhhIHRlbXBvcsOhcmlhIGltcHJlc3NhIHBlbG8gY29tYW5kbw0KVE1QX1BBU1M9JChlY2hvICIkUkVTRVRfT1VUIiB8IGF3ayAtRidOZXcgdmFsdWU6ICcgJ05GPjF7cHJpbnQgJDJ9JyB8IHRyIC1kICdcclxuJykNClsgLW4gIiRUTVBfUEFTUyIgXSB8fCB7IGVjaG8gIltFUlJPUl0gTsOjbyBmb2kgcG9zc8OtdmVsIGNhcHR1cmFyIGEgc2VuaGEgdGVtcG9yw6FyaWEgZG8gcmVzZXQtcGFzc3dvcmQuIjsgZXhpdCAxOyB9DQoNCiMgQnVzY2EgYSBzZW5oYSBmaW5hbCBubyBTZWNyZXRzIE1hbmFnZXIgDQplY2hvICJbSU5GT10gQnVzY2FuZG8gc2VuaGEgZmluYWwgbm8gU2VjcmV0cyBNYW5hZ2VyLi4uIg0KU0VDUkVUX1NUUklORz0kKGF3cyBzZWNyZXRzbWFuYWdlciBnZXQtc2VjcmV0LXZhbHVlIFwNCiAgLS1yZWdpb24gIiRSRUdJT04iIFwNCiAgLS1zZWNyZXQtaWQgIiRFTEFTVElDX1BBU1NXT1JEX1NFQ1JFVF9BUk4iIFwNCiAgLS1xdWVyeSBTZWNyZXRTdHJpbmcgLS1vdXRwdXQgdGV4dCkgfHwgew0KICAgIGVjaG8gIltFUlJPUl0gRmFsaGEgYW8gbGVyIFNlY3JldCAoJEVMQVNUSUNfUEFTU1dPUkRfU0VDUkVUX0FSTikgbm8gU2VjcmV0cyBNYW5hZ2VyLiINCiAgICBleGl0IDENCiAgfQ0KDQojIFNlIGZvciBKU09OLCBleHRyYWkgYSBrZXk7IHNlIG7Do28sIHVzYSBvIHZhbG9yIHB1cm8NCmlmIGVjaG8gLW4gIiRTRUNSRVRfU1RSSU5HIiB8IGpxIC1lIC4gPi9kZXYvbnVsbCAyPiYxOyB0aGVuDQogIEVMQVNUSUNfUEFTU1dPUkQ9JChlY2hvIC1uICIkU0VDUkVUX1NUUklORyIgfCBqcSAtciAtLWFyZyBrICIkRUxBU1RJQ19QQVNTV09SRF9TRUNSRVRfS0VZIiAnLlska10gLy8gZW1wdHknKQ0KZWxzZQ0KICBFTEFTVElDX1BBU1NXT1JEPSIkU0VDUkVUX1NUUklORyINCmZpDQpbIC1uICIkRUxBU1RJQ19QQVNTV09SRCIgXSB8fCB7IA0KICBlY2hvICJbRVJST1JdIFNlY3JldCBuw6NvIHBvc3N1aSBhIGNoYXZlICckRUxBU1RJQ19QQVNTV09SRF9TRUNSRVRfS0VZJyBlIG7Do28gw6kgdGV4dG8gc2ltcGxlcy4iDQogIGV4aXQgMQ0KfQ0KDQojIE1vbnRhIEpTT04gY29tIGEgc2VuaGEgZGV2aWRhbWVudGUgZXNjYXBhZGENClBBU1NfSlNPTj0kKHByaW50ZiAlcyAiJEVMQVNUSUNfUEFTU1dPUkQiIHwganEgLVIgJy4nKQ0KUEFZTE9BRD0kKHByaW50ZiAneyJwYXNzd29yZCI6JXN9JyAiJFBBU1NfSlNPTiIpDQoNCiMgQXBsaWNhIGEgc2VuaGEgZmluYWwgdmlhIEFQSSAoYXV0ZW50aWNhbmRvIGNvbSBhIHNlbmhhIFRFTVApDQplY2hvICJbSU5GT10gQXBsaWNhbmRvIHNlbmhhIGZpbmFsIHZpYSBBUEkuLi4iDQpIVFRQXzIwMD0kKGN1cmwgLXNTIC1vIC9kZXYvbnVsbCAtdyAiJXtodHRwX2NvZGV9IiBcDQogIC11ICJlbGFzdGljOiRUTVBfUEFTUyIgXA0KICAtSCAnQ29udGVudC1UeXBlOiBhcHBsaWNhdGlvbi9qc29uJyBcDQogIC1YIFBPU1QgImh0dHA6Ly8xMjcuMC4wLjE6OTIwMC9fc2VjdXJpdHkvdXNlci9lbGFzdGljL19wYXNzd29yZCIgXA0KICAtZCAiJFBBWUxPQUQiKQ0KDQppZiBbICIkSFRUUF8yMDAiICE9ICIyMDAiIF07IHRoZW4NCiAgZWNobyAiW0VSUk9SXSBGYWxoYSBhbyBhcGxpY2FyIGEgc2VuaGEgZmluYWwgKEhUVFAgJEhUVFBfMjAwKS4iDQogIGV4aXQgMQ0KZmkNCg0KIyBWZXJpZmljYSBhdXRlbnRpY2FuZG8gY29tIGEgbm92YSBzZW5oYQ0KVkVSSUZZPSQoY3VybCAtc1MgLW8gL2Rldi9udWxsIC13ICIle2h0dHBfY29kZX0iIFwNCiAgLXUgImVsYXN0aWM6JEVMQVNUSUNfUEFTU1dPUkQiICJodHRwOi8vMTI3LjAuMC4xOjkyMDAvIikNCmlmIFsgIiRWRVJJRlkiID0gIjIwMCIgXTsgdGhlbg0KICBlY2hvICJbU1VDQ0VTU10gU2VuaGEgZG8gdXN1w6FyaW8gJ2VsYXN0aWMnIGRlZmluaWRhIGEgcGFydGlyIGRvIFNlY3JldC4iDQogIHN1ZG8gaXB0YWJsZXMgLUEgSU5QVVQgLXAgdGNwIC0tZHBvcnQgOTIwMCAtaiBBQ0NFUFQNCiAgc3VkbyBzZXJ2aWNlIGlwdGFibGVzIHNhdmUgMj4vZGV2L251bGwgfHwgc3VkbyBpcHRhYmxlcy1zYXZlIHwgc3VkbyB0ZWUgL2V0Yy9zeXNjb25maWcvaXB0YWJsZXMNCmVsc2UNCiAgZWNobyAiW0VSUk9SXSBWZXJpZmljYcOnw6NvIGZhbGhvdS4gSFRUUD0kVkVSSUZZIGFvIGF1dGVudGljYXIgY29tIGEgbm92YSBzZW5oYS4iDQogIGV4aXQgMQ0KZmkNCg0KIyBIaWdpZW5lDQp1bnNldCBUTVBfUEFTUyBTRUNSRVRfU1RSSU5HIEVMQVNUSUNfUEFTU1dPUkQgUEFTU19KU09OIFBBWUxPQUQNCg0K",
            "vpc_security_group_ids": []
          },
          "sensitive_attributes": [],
          "identity_schema_version": 0,
          "private": "bnVsbA==",
          "dependencies": [
            "aws_ebs_volume.es_data",
            "aws_iam_instance_profile.es",
            "aws_iam_role.es",
            "aws_security_group.es"
          ]
        }
      ]
    },
    {
      "mode": "managed",
      "type": "aws_lb",
      "name": "es_nlb",
      "provider": "provider[\"registry.terraform.io/hashicorp/aws\"]",
      "instances": [
        {
          "schema_version": 0,
          "attributes": {
            "access_logs": [
              {
                "bucket": "",
                "enabled": false,
                "prefix": ""
              }
            ],
            "arn": "arn:aws:elasticloadbalancing:us-east-1:652613197255:loadbalancer/net/asapflow-nlb/f84b5f46e381e6bc",
            "arn_suffix": "net/asapflow-nlb/f84b5f46e381e6bc",
            "client_keep_alive": null,
            "connection_logs": [],
            "customer_owned_ipv4_pool": "",
            "desync_mitigation_mode": null,
            "dns_name": "asapflow-nlb-f84b5f46e381e6bc.elb.us-east-1.amazonaws.com",
            "dns_record_client_routing_policy": "any_availability_zone",
            "drop_invalid_header_fields": null,
            "enable_cross_zone_load_balancing": false,
            "enable_deletion_protection": false,
            "enable_http2": null,
            "enable_tls_version_and_cipher_suite_headers": null,
            "enable_waf_fail_open": null,
            "enable_xff_client_port": null,
            "enable_zonal_shift": false,
            "enforce_security_group_inbound_rules_on_private_link_traffic": "",
            "id": "arn:aws:elasticloadbalancing:us-east-1:652613197255:loadbalancer/net/asapflow-nlb/f84b5f46e381e6bc",
            "idle_timeout": null,
            "internal": true,
            "ip_address_type": "ipv4",
            "ipam_pools": [],
            "load_balancer_type": "network",
            "minimum_load_balancer_capacity": [],
            "name": "asapflow-nlb",
            "name_prefix": "",
            "preserve_host_header": null,
            "security_groups": [],
            "subnet_mapping": [
              {
                "allocation_id": "",
                "ipv6_address": "",
                "outpost_id": "",
                "private_ipv4_address": "",
                "subnet_id": "subnet-0a25520585372912b"
              }
            ],
            "subnets": [
              "subnet-0a25520585372912b"
            ],
            "tags": {
              "Environment": "hml"
            },
            "tags_all": {
              "Environment": "hml"
            },
            "timeouts": null,
            "vpc_id": "vpc-016047663e0ef25e7",
            "xff_header_processing_mode": null,
            "zone_id": "Z26RNL4JYFTOTI"
          },
          "sensitive_attributes": [],
          "identity_schema_version": 0,
          "private": "eyJlMmJmYjczMC1lY2FhLTExZTYtOGY4OC0zNDM2M2JjN2M0YzAiOnsiY3JlYXRlIjo2MDAwMDAwMDAwMDAsImRlbGV0ZSI6NjAwMDAwMDAwMDAwLCJ1cGRhdGUiOjYwMDAwMDAwMDAwMH19"
        }
      ]
    },
    {
      "mode": "managed",
      "type": "aws_lb_listener",
      "name": "es_listener",
      "provider": "provider[\"registry.terraform.io/hashicorp/aws\"]",
      "instances": [
        {
          "schema_version": 0,
          "attributes": {
            "alpn_policy": null,
            "arn": "arn:aws:elasticloadbalancing:us-east-1:652613197255:listener/net/asapflow-nlb/f84b5f46e381e6bc/cc6045504835a48e",
            "certificate_arn": null,
            "default_action": [
              {
                "authenticate_cognito": [],
                "authenticate_oidc": [],
                "fixed_response": [],
                "forward": [],
                "order": 1,
                "redirect": [],
                "target_group_arn": "arn:aws:elasticloadbalancing:us-east-1:652613197255:targetgroup/asapflow-tg/1475042372e613a5",
                "type": "forward"
              }
            ],
            "id": "arn:aws:elasticloadbalancing:us-east-1:652613197255:listener/net/asapflow-nlb/f84b5f46e381e6bc/cc6045504835a48e",
            "load_balancer_arn": "arn:aws:elasticloadbalancing:us-east-1:652613197255:loadbalancer/net/asapflow-nlb/f84b5f46e381e6bc",
            "mutual_authentication": [],
            "port": 9200,
            "protocol": "TCP",
            "routing_http_request_x_amzn_mtls_clientcert_header_name": null,
            "routing_http_request_x_amzn_mtls_clientcert_issuer_header_name": null,
            "routing_http_request_x_amzn_mtls_clientcert_leaf_header_name": null,
            "routing_http_request_x_amzn_mtls_clientcert_serial_number_header_name": null,
            "routing_http_request_x_amzn_mtls_clientcert_subject_header_name": null,
            "routing_http_request_x_amzn_mtls_clientcert_validity_header_name": null,
            "routing_http_request_x_amzn_tls_cipher_suite_header_name": null,
            "routing_http_request_x_amzn_tls_version_header_name": null,
            "routing_http_response_access_control_allow_credentials_header_value": null,
            "routing_http_response_access_control_allow_headers_header_value": null,
            "routing_http_response_access_control_allow_methods_header_value": null,
            "routing_http_response_access_control_allow_origin_header_value": null,
            "routing_http_response_access_control_expose_headers_header_value": null,
            "routing_http_response_access_control_max_age_header_value": null,
            "routing_http_response_content_security_policy_header_value": null,
            "routing_http_response_server_enabled": null,
            "routing_http_response_strict_transport_security_header_value": null,
            "routing_http_response_x_content_type_options_header_value": null,
            "routing_http_response_x_frame_options_header_value": null,
            "ssl_policy": "",
            "tags": {},
            "tags_all": {},
            "tcp_idle_timeout_seconds": 350,
            "timeouts": null
          },
          "sensitive_attributes": [],
          "identity_schema_version": 0,
          "private": "eyJlMmJmYjczMC1lY2FhLTExZTYtOGY4OC0zNDM2M2JjN2M0YzAiOnsiY3JlYXRlIjozMDAwMDAwMDAwMDAsInVwZGF0ZSI6MzAwMDAwMDAwMDAwfX0=",
          "dependencies": [
            "aws_lb.es_nlb",
            "aws_lb_target_group.es_tg"
          ]
        }
      ]
    },
    {
      "mode": "managed",
      "type": "aws_lb_target_group",
      "name": "es_tg",
      "provider": "provider[\"registry.terraform.io/hashicorp/aws\"]",
      "instances": [
        {
          "schema_version": 0,
          "attributes": {
            "arn": "arn:aws:elasticloadbalancing:us-east-1:652613197255:targetgroup/asapflow-tg/1475042372e613a5",
            "arn_suffix": "targetgroup/asapflow-tg/1475042372e613a5",
            "connection_termination": false,
            "deregistration_delay": "300",
            "health_check": [
              {
                "enabled": true,
                "healthy_threshold": 2,
                "interval": 10,
                "matcher": "",
                "path": "",
                "port": "9200",
                "protocol": "TCP",
                "timeout": 10,
                "unhealthy_threshold": 2
              }
            ],
            "id": "arn:aws:elasticloadbalancing:us-east-1:652613197255:targetgroup/asapflow-tg/1475042372e613a5",
            "ip_address_type": "ipv4",
            "lambda_multi_value_headers_enabled": false,
            "load_balancer_arns": [
              "arn:aws:elasticloadbalancing:us-east-1:652613197255:loadbalancer/net/asapflow-nlb/f84b5f46e381e6bc"
            ],
            "load_balancing_algorithm_type": null,
            "load_balancing_anomaly_mitigation": null,
            "load_balancing_cross_zone_enabled": "use_load_balancer_configuration",
            "name": "asapflow-tg",
            "name_prefix": "",
            "port": 9200,
            "preserve_client_ip": "true",
            "protocol": "TCP",
            "protocol_version": null,
            "proxy_protocol_v2": false,
            "slow_start": 0,
            "stickiness": [
              {
                "cookie_duration": 0,
                "cookie_name": "",
                "enabled": false,
                "type": "source_ip"
              }
            ],
            "tags": {
              "Environment": "hml"
            },
            "tags_all": {
              "Environment": "hml"
            },
            "target_failover": [
              {
                "on_deregistration": null,
                "on_unhealthy": null
              }
            ],
            "target_group_health": [
              {
                "dns_failover": [
                  {
                    "minimum_healthy_targets_count": "1",
                    "minimum_healthy_targets_percentage": "off"
                  }
                ],
                "unhealthy_state_routing": [
                  {
                    "minimum_healthy_targets_count": 1,
                    "minimum_healthy_targets_percentage": "off"
                  }
                ]
              }
            ],
            "target_health_state": [
              {
                "enable_unhealthy_connection_termination": true,
                "unhealthy_draining_interval": 0
              }
            ],
            "target_type": "instance",
            "vpc_id": "vpc-016047663e0ef25e7"
          },
          "sensitive_attributes": [],
          "identity_schema_version": 0,
          "private": "bnVsbA=="
        }
      ]
    },
    {
      "mode": "managed",
      "type": "aws_security_group",
      "name": "es",
      "provider": "provider[\"registry.terraform.io/hashicorp/aws\"]",
      "instances": [
        {
          "schema_version": 1,
          "attributes": {
            "arn": "arn:aws:ec2:us-east-1:652613197255:security-group/sg-09861532822625f82",
            "description": "Elasticsearch 8 single-node access",
            "egress": [
              {
                "cidr_blocks": [
                  "0.0.0.0/0"
                ],
                "description": "",
                "from_port": 0,
                "ipv6_cidr_blocks": [],
                "prefix_list_ids": [],
                "protocol": "-1",
                "security_groups": [],
                "self": false,
                "to_port": 0
              }
            ],
            "id": "sg-09861532822625f82",
            "ingress": [
              {
                "cidr_blocks": [
                  "0.0.0.0/0"
                ],
                "description": "Elasticsearch HTTP",
                "from_port": 9200,
                "ipv6_cidr_blocks": [],
                "prefix_list_ids": [],
                "protocol": "tcp",
                "security_groups": [],
                "self": false,
                "to_port": 9200
              },
              {
                "cidr_blocks": [
                  "0.0.0.0/0"
                ],
                "description": "SSH access",
                "from_port": 22,
                "ipv6_cidr_blocks": [],
                "prefix_list_ids": [],
                "protocol": "tcp",
                "security_groups": [],
                "self": false,
                "to_port": 22
              }
            ],
            "name": "asapflow-sg-20260126201854201000000004",
            "name_prefix": "asapflow-sg-",
            "owner_id": "652613197255",
            "revoke_rules_on_delete": false,
            "tags": {
              "Environment": "hml",
              "Name": "asapflow-sg"
            },
            "tags_all": {
              "Environment": "hml",
              "Name": "asapflow-sg"
            },
            "timeouts": null,
            "vpc_id": "vpc-016047663e0ef25e7"
          },
          "sensitive_attributes": [],
          "identity_schema_version": 0,
          "private": "eyJlMmJmYjczMC1lY2FhLTExZTYtOGY4OC0zNDM2M2JjN2M0YzAiOnsiY3JlYXRlIjo2MDAwMDAwMDAwMDAsImRlbGV0ZSI6OTAwMDAwMDAwMDAwfSwic2NoZW1hX3ZlcnNpb24iOiIxIn0="
        }
      ]
    },
    {
      "mode": "managed",
      "type": "aws_security_group_rule",
      "name": "es_9200_cidr",
      "provider": "provider[\"registry.terraform.io/hashicorp/aws\"]",
      "instances": [
        {
          "index_key": 0,
          "schema_version": 2,
          "attributes": {
            "cidr_blocks": [
              "10.125.0.0/16"
            ],
            "description": "Elasticsearch HTTP",
            "from_port": 9200,
            "id": "sgrule-4027104051",
            "ipv6_cidr_blocks": null,
            "prefix_list_ids": null,
            "protocol": "tcp",
            "security_group_id": "sg-09861532822625f82",
            "security_group_rule_id": "sgr-0639b3294a5fceca1",
            "self": false,
            "source_security_group_id": null,
            "timeouts": null,
            "to_port": 9200,
            "type": "ingress"
          },
          "sensitive_attributes": [],
          "identity_schema_version": 0,
          "private": "eyJlMmJmYjczMC1lY2FhLTExZTYtOGY4OC0zNDM2M2JjN2M0YzAiOnsiY3JlYXRlIjozMDAwMDAwMDAwMDB9LCJzY2hlbWFfdmVyc2lvbiI6IjIifQ==",
          "dependencies": [
            "aws_security_group.es"
          ]
        }
      ]
    },
    {
      "mode": "managed",
      "type": "aws_security_group_rule",
      "name": "ssh",
      "provider": "provider[\"registry.terraform.io/hashicorp/aws\"]",
      "instances": [
        {
          "index_key": 0,
          "schema_version": 2,
          "attributes": {
            "cidr_blocks": [
              "0.0.0.0/0"
            ],
            "description": "SSH access",
            "from_port": 22,
            "id": "sgrule-2244984477",
            "ipv6_cidr_blocks": null,
            "prefix_list_ids": null,
            "protocol": "tcp",
            "security_group_id": "sg-09861532822625f82",
            "security_group_rule_id": "sgr-09730aef0d39e0766",
            "self": false,
            "source_security_group_id": null,
            "timeouts": null,
            "to_port": 22,
            "type": "ingress"
          },
          "sensitive_attributes": [],
          "identity_schema_version": 0,
          "private": "eyJlMmJmYjczMC1lY2FhLTExZTYtOGY4OC0zNDM2M2JjN2M0YzAiOnsiY3JlYXRlIjozMDAwMDAwMDAwMDB9LCJzY2hlbWFfdmVyc2lvbiI6IjIifQ==",
          "dependencies": [
            "aws_security_group.es"
          ]
        }
      ]
    }
  ],
  "check_results": null
}
